
Microsoft Visual Studio Solution File, Format Version 12.00
# Visual Studio Version 17
VisualStudioVersion = 17.2.32616.157
MinimumVisualStudioVersion = 10.0.40219.1
Project("{9A19103F-16F7-4668-BE54-9A1E7A4F7556}") = "SimpleGantt.WebAPI", "SimpleGantt.Web\SimpleGantt.WebAPI.csproj", "{005E3957-949B-4AB5-B60A-E8542A8F748C}"
EndProject
Project("{9A19103F-16F7-4668-BE54-9A1E7A4F7556}") = "SimpleGantt.MAUI", "SimpleGantt.MAUI\SimpleGantt.MAUI.csproj", "{1C1C7354-399A-459E-95A3-960E87C8067B}"
EndProject
Project("{9A19103F-16F7-4668-BE54-9A1E7A4F7556}") = "SimpleGantt.Core.Tests", "SimpleGantt.Core.Tests\SimpleGantt.Core.Tests.csproj", "{364426C9-16A3-4A93-85AD-4A64A97EEC98}"
EndProject
Project("{9A19103F-16F7-4668-BE54-9A1E7A4F7556}") = "SimpleGantt.Domain", "SimpleGantt.Domain\SimpleGantt.Domain.csproj", "{1675208C-4DB3-4B5C-925A-CFD72C75B758}"
EndProject
Project("{2150E333-8FDC-42A3-9474-1A3956D46DE8}") = "UI", "UI", "{2DFD9370-B1D5-4A11-BD74-F62DC2BE43AC}"
EndProject
Project("{2150E333-8FDC-42A3-9474-1A3956D46DE8}") = "Domain", "Domain", "{17DF6D8E-0685-4882-ADAA-513831A66349}"
EndProject
Project("{2150E333-8FDC-42A3-9474-1A3956D46DE8}") = "Infrastructure", "Infrastructure", "{620AAE48-2585-413A-A656-EF9B1721F530}"
EndProject
Project("{2150E333-8FDC-42A3-9474-1A3956D46DE8}") = "Source", "Source", "{3DF01EDF-B242-47CA-8342-FC5387940A0F}"
EndProject
Project("{2150E333-8FDC-42A3-9474-1A3956D46DE8}") = "Tests", "Tests", "{64A2EE0E-C1FF-4E77-ACDF-5A44543027A3}"
EndProject
Project("{2150E333-8FDC-42A3-9474-1A3956D46DE8}") = "Application", "Application", "{033001C3-E487-4ED7-A1ED-7BC3AB41A32D}"
EndProject
Project("{9A19103F-16F7-4668-BE54-9A1E7A4F7556}") = "SimpleGantt.Infrastructure", "SimpleGantt.Infrastructure\SimpleGantt.Infrastructure.csproj", "{AD6CABAA-9E40-4D78-A351-44DBE66C6502}"
EndProject
Project("{2150E333-8FDC-42A3-9474-1A3956D46DE8}") = "Solution Items", "Solution Items", "{125893D0-1512-4081-B298-0C876EDFB7B6}"
	ProjectSection(SolutionItems) = preProject
		.editorconfig = .editorconfig
	EndProjectSection
EndProject
Project("{9A19103F-16F7-4668-BE54-9A1E7A4F7556}") = "SimpleGantt.Domain.Tests", "SimpleGantt.Domain.Tests\SimpleGantt.Domain.Tests.csproj", "{180D15B2-FD8F-44E6-BBAF-FD90D6107609}"
EndProject
Project("{2150E333-8FDC-42A3-9474-1A3956D46DE8}") = "Core", "Core", "{B849201A-E87F-4917-9EA3-C2E9CD984741}"
EndProject
Project("{9A19103F-16F7-4668-BE54-9A1E7A4F7556}") = "SimpleGantt.Core", "SimpleGantt.Core\SimpleGantt.Core.csproj", "{72814C7F-D413-4BC8-84AF-0C9B91ED95FD}"
EndProject
Project("{9A19103F-16F7-4668-BE54-9A1E7A4F7556}") = "SimpleGantt.Application", "SimpleGantt.Application\SimpleGantt.Application.csproj", "{A66845DA-87E2-4BAD-B6F8-7AB9DBEEEA55}"
EndProject
Global
	GlobalSection(SolutionConfigurationPlatforms) = preSolution
		Debug|Any CPU = Debug|Any CPU
		Release|Any CPU = Release|Any CPU
	EndGlobalSection
	GlobalSection(ProjectConfigurationPlatforms) = postSolution
		{005E3957-949B-4AB5-B60A-E8542A8F748C}.Debug|Any CPU.ActiveCfg = Debug|Any CPU
		{005E3957-949B-4AB5-B60A-E8542A8F748C}.Debug|Any CPU.Build.0 = Debug|Any CPU
		{005E3957-949B-4AB5-B60A-E8542A8F748C}.Release|Any CPU.ActiveCfg = Release|Any CPU
		{005E3957-949B-4AB5-B60A-E8542A8F748C}.Release|Any CPU.Build.0 = Release|Any CPU
		{1C1C7354-399A-459E-95A3-960E87C8067B}.Debug|Any CPU.ActiveCfg = Debug|Any CPU
		{1C1C7354-399A-459E-95A3-960E87C8067B}.Debug|Any CPU.Build.0 = Debug|Any CPU
		{1C1C7354-399A-459E-95A3-960E87C8067B}.Debug|Any CPU.Deploy.0 = Debug|Any CPU
		{1C1C7354-399A-459E-95A3-960E87C8067B}.Release|Any CPU.ActiveCfg = Release|Any CPU
		{1C1C7354-399A-459E-95A3-960E87C8067B}.Release|Any CPU.Build.0 = Release|Any CPU
		{1C1C7354-399A-459E-95A3-960E87C8067B}.Release|Any CPU.Deploy.0 = Release|Any CPU
		{364426C9-16A3-4A93-85AD-4A64A97EEC98}.Debug|Any CPU.ActiveCfg = Debug|Any CPU
		{364426C9-16A3-4A93-85AD-4A64A97EEC98}.Debug|Any CPU.Build.0 = Debug|Any CPU
		{364426C9-16A3-4A93-85AD-4A64A97EEC98}.Release|Any CPU.ActiveCfg = Release|Any CPU
		{364426C9-16A3-4A93-85AD-4A64A97EEC98}.Release|Any CPU.Build.0 = Release|Any CPU
		{1675208C-4DB3-4B5C-925A-CFD72C75B758}.Debug|Any CPU.ActiveCfg = Debug|Any CPU
		{1675208C-4DB3-4B5C-925A-CFD72C75B758}.Debug|Any CPU.Build.0 = Debug|Any CPU
		{1675208C-4DB3-4B5C-925A-CFD72C75B758}.Release|Any CPU.ActiveCfg = Release|Any CPU
		{1675208C-4DB3-4B5C-925A-CFD72C75B758}.Release|Any CPU.Build.0 = Release|Any CPU
		{AD6CABAA-9E40-4D78-A351-44DBE66C6502}.Debug|Any CPU.ActiveCfg = Debug|Any CPU
		{AD6CABAA-9E40-4D78-A351-44DBE66C6502}.Debug|Any CPU.Build.0 = Debug|Any CPU
		{AD6CABAA-9E40-4D78-A351-44DBE66C6502}.Release|Any CPU.ActiveCfg = Release|Any CPU
		{AD6CABAA-9E40-4D78-A351-44DBE66C6502}.Release|Any CPU.Build.0 = Release|Any CPU
		{180D15B2-FD8F-44E6-BBAF-FD90D6107609}.Debug|Any CPU.ActiveCfg = Debug|Any CPU
		{180D15B2-FD8F-44E6-BBAF-FD90D6107609}.Debug|Any CPU.Build.0 = Debug|Any CPU
		{180D15B2-FD8F-44E6-BBAF-FD90D6107609}.Release|Any CPU.ActiveCfg = Release|Any CPU
		{180D15B2-FD8F-44E6-BBAF-FD90D6107609}.Release|Any CPU.Build.0 = Release|Any CPU
		{72814C7F-D413-4BC8-84AF-0C9B91ED95FD}.Debug|Any CPU.ActiveCfg = Debug|Any CPU
		{72814C7F-D413-4BC8-84AF-0C9B91ED95FD}.Debug|Any CPU.Build.0 = Debug|Any CPU
		{72814C7F-D413-4BC8-84AF-0C9B91ED95FD}.Release|Any CPU.ActiveCfg = Release|Any CPU
		{72814C7F-D413-4BC8-84AF-0C9B91ED95FD}.Release|Any CPU.Build.0 = Release|Any CPU
		{A66845DA-87E2-4BAD-B6F8-7AB9DBEEEA55}.Debug|Any CPU.ActiveCfg = Debug|Any CPU
		{A66845DA-87E2-4BAD-B6F8-7AB9DBEEEA55}.Debug|Any CPU.Build.0 = Debug|Any CPU
		{A66845DA-87E2-4BAD-B6F8-7AB9DBEEEA55}.Release|Any CPU.ActiveCfg = Release|Any CPU
		{A66845DA-87E2-4BAD-B6F8-7AB9DBEEEA55}.Release|Any CPU.Build.0 = Release|Any CPU
	EndGlobalSection
	GlobalSection(SolutionProperties) = preSolution
		HideSolutionNode = FALSE
	EndGlobalSection
	GlobalSection(NestedProjects) = preSolution
		{005E3957-949B-4AB5-B60A-E8542A8F748C} = {2DFD9370-B1D5-4A11-BD74-F62DC2BE43AC}
		{1C1C7354-399A-459E-95A3-960E87C8067B} = {2DFD9370-B1D5-4A11-BD74-F62DC2BE43AC}
		{364426C9-16A3-4A93-85AD-4A64A97EEC98} = {64A2EE0E-C1FF-4E77-ACDF-5A44543027A3}
		{1675208C-4DB3-4B5C-925A-CFD72C75B758} = {17DF6D8E-0685-4882-ADAA-513831A66349}
		{2DFD9370-B1D5-4A11-BD74-F62DC2BE43AC} = {3DF01EDF-B242-47CA-8342-FC5387940A0F}
		{17DF6D8E-0685-4882-ADAA-513831A66349} = {3DF01EDF-B242-47CA-8342-FC5387940A0F}
		{620AAE48-2585-413A-A656-EF9B1721F530} = {3DF01EDF-B242-47CA-8342-FC5387940A0F}
		{033001C3-E487-4ED7-A1ED-7BC3AB41A32D} = {3DF01EDF-B242-47CA-8342-FC5387940A0F}
		{AD6CABAA-9E40-4D78-A351-44DBE66C6502} = {620AAE48-2585-413A-A656-EF9B1721F530}
		{180D15B2-FD8F-44E6-BBAF-FD90D6107609} = {64A2EE0E-C1FF-4E77-ACDF-5A44543027A3}
		{B849201A-E87F-4917-9EA3-C2E9CD984741} = {3DF01EDF-B242-47CA-8342-FC5387940A0F}
		{72814C7F-D413-4BC8-84AF-0C9B91ED95FD} = {B849201A-E87F-4917-9EA3-C2E9CD984741}
		{A66845DA-87E2-4BAD-B6F8-7AB9DBEEEA55} = {033001C3-E487-4ED7-A1ED-7BC3AB41A32D}
	EndGlobalSection
	GlobalSection(ExtensibilityGlobals) = postSolution
		SolutionGuid = {463F1503-67B9-4DF0-8154-9B534F6C1791}
	EndGlobalSection
EndGlobal
